github.com/FortAwesome/Font-Awesome v0.0.0-20210804190922-7d3d774145ac/go.mod h1:IUgezN/MFpCDIlFezw3L8j83oeiIuYoj28Miwr/KUYo=
github.com/acend/docsy-acend v0.0.0-20220406070448-8027986336dc h1:kNDPVcZCXsbJxqDstPoesa9YqWx84BVowj9cgxG6dnE=
github.com/acend/docsy-acend v0.0.0-20220406070448-8027986336dc/go.mod h1:92hTJB3aPssEooTK+gv0i84vwTjah30HKaLGdupJaPA=
github.com/acend/docsy-plus v0.0.0-20220428195954-da462686a1f4 h1:NH8RTlmPMcTPxfZYlqYWWcqoQ5STebCQikKByJVRnAA=
github.com/acend/docsy-plus v0.0.0-20220428195954-da462686a1f4/go.mod h1:FUTTPmi3S92rVMbCYqXdGNxixdyqACBrFTK7dOuMttQ=
github.com/acend/docsy-plus v0.0.0-20220717113843-b60a5e7a9f6d h1:hmvPxyJN/lhzx1CB7BisLJzXldvAhRuWMg2q54IXL08=
github.com/acend/docsy-plus v0.0.0-20220717113843-b60a5e7a9f6d/go.mod h1:FUTTPmi3S92rVMbCYqXdGNxixdyqACBrFTK7dOuMttQ=
github.com/acend/docsy-plus v0.0.0-20220717145914-710c03a774d5 h1:K8oryRluGM80PN0yv91Y6Lgqj0V83N3frwy7SQ7Ez3s=
github.com/acend/docsy-plus v0.0.0-20220717145914-710c03a774d5/go.mod h1:FUTTPmi3S92rVMbCYqXdGNxixdyqACBrFTK7dOuMttQ=
github.com/acend/docsy-plus v0.0.0-20220718122312-c020eefc8317 h1:ecXdUxWg3ctFFoVNUkXo5lVbwL4PsPe6WsxbKz8s1g0=
github.com/acend/docsy-plus v0.0.0-20220718122312-c020eefc8317/go.mod h1:FUTTPmi3S92rVMbCYqXdGNxixdyqACBrFTK7dOuMttQ=
github.com/acend/docsy-plus v0.0.0-20221124133822-edd51fecdbeb h1:CmN6u5xQRSF5QwnCOCS9zf5VKQO5sZ3SEfwbEG/Tuqc=
github.com/acend/docsy-plus v0.0.0-20221124133822-edd51fecdbeb/go.mod h1:YDHqf+DCZcx5HvKGzaBluPmLfgHQ2GKkYjggvF98jR4=
github.com/acend/docsy-plus v0.0.0-20221209092845-53bb58a32d13 h1:F/3yfoHP+4ljnpRnVZN1bBzgizvhCbj5WDtcj75RAFE=
github.com/acend/docsy-plus v0.0.0-20221209092845-53bb58a32d13/go.mod h1:YDHqf+DCZcx5HvKGzaBluPmLfgHQ2GKkYjggvF98jR4=
github.com/acend/docsy-plus v0.0.0-20230105141051-e5c62ddf8fb2 h1:cz0UKXNDL920K88jH0DxzSR4wnzc98qmTNd17Bob+A8=
github.com/acend/docsy-plus v0.0.0-20230105141051-e5c62ddf8fb2/go.mod h1:YDHqf+DCZcx5HvKGzaBluPmLfgHQ2GKkYjggvF98jR4=
github.com/google/docsy v0.3.0 h1:wR0e0xJ6qIj/RPq2AP1Ufm44BCak9Sl72H2BWNAc/JA=
github.com/google/docsy v0.3.0/go.mod h1:opkofZo7WlNw+/pjrHSC2nAHJHQ6Xnms9vtL/htBvds=
github.com/google/docsy v0.4.0 h1:Eyt2aiDC1fnw/Qq/9xnIqUU5n5Yyk4c8gX3nBDdTv/4=
github.com/google/docsy v0.4.0/go.mod h1:vJjGkHNaw9bO42gpFTWwAUzHZWZEVlK46Kx7ikY5c7Y=
github.com/google/docsy/dependencies v0.3.0 h1:dQswd8iYGN0e0ULk/lUjY2rgmvFbr2qyW+QlvZYTrlM=
github.com/google/docsy/dependencies v0.3.0/go.mod h1:2zZxHF+2qvkyXhLZtsbnqMotxMukJXLaf8fAZER48oo=
github.com/google/docsy/dependencies v0.4.0 h1:FXwyjtuFfPIPBauU2t7uIAgS6VYfJf+OD5pzxGvkQsQ=
github.com/google/docsy/dependencies v0.4.0/go.mod h1:2zZxHF+2qvkyXhLZtsbnqMotxMukJXLaf8fAZER48oo=
github.com/puzzle/docsy-puzzle v0.0.0-20220406081603-2cd9f7c8d79a h1:ivuXhwliGTmfp4Zn9dqHiIHPUbniLhsbSYKrsQIoFKM=
github.com/puzzle/docsy-puzzle v0.0.0-20220406081603-2cd9f7c8d79a/go.mod h1:FHtQEgHYfsiO5d1XXaF/mD5C51PQw1kea8JwTGBs93o=
github.com/twbs/bootstrap v4.6.1+incompatible/go.mod h1:fZTSrkpSf0/HkL0IIJzvVspTt1r9zuf7XlZau8kpcY0=
